
Microsoft Visual Studio Solution File, Format Version 12.00
# Visual Studio Version 17
VisualStudioVersion = 17.5.33414.496
MinimumVisualStudioVersion = 10.0.40219.1
Project("{9A19103F-16F7-4668-BE54-9A1E7A4F7556}") = "ChallengeApp", "ChallengeApp\ChallengeApp.csproj", "{C4FB2D29-64EA-4AD1-97A1-791E582631E5}"
EndProject
Project("{FAE04EC0-301F-11D3-BF4B-00C04F79EFBC}") = "ChallengeApp.Tests", "ChallengeApp.Tests\ChallengeApp.Tests.csproj", "{5AF78C05-1446-45EA-9185-62F897BBD186}"
EndProject
Global
	GlobalSection(SolutionConfigurationPlatforms) = preSolution
		Debug|Any CPU = Debug|Any CPU
		Release|Any CPU = Release|Any CPU
	EndGlobalSection
	GlobalSection(ProjectConfigurationPlatforms) = postSolution
		{C4FB2D29-64EA-4AD1-97A1-791E582631E5}.Debug|Any CPU.ActiveCfg = Debug|Any CPU
		{C4FB2D29-64EA-4AD1-97A1-791E582631E5}.Debug|Any CPU.Build.0 = Debug|Any CPU
		{C4FB2D29-64EA-4AD1-97A1-791E582631E5}.Release|Any CPU.ActiveCfg = Release|Any CPU
		{C4FB2D29-64EA-4AD1-97A1-791E582631E5}.Release|Any CPU.Build.0 = Release|Any CPU
		{5AF78C05-1446-45EA-9185-62F897BBD186}.Debug|Any CPU.ActiveCfg = Debug|Any CPU
		{5AF78C05-1446-45EA-9185-62F897BBD186}.Debug|Any CPU.Build.0 = Debug|Any CPU
		{5AF78C05-1446-45EA-9185-62F897BBD186}.Release|Any CPU.ActiveCfg = Release|Any CPU
		{5AF78C05-1446-45EA-9185-62F897BBD186}.Release|Any CPU.Build.0 = Release|Any CPU
	EndGlobalSection
	GlobalSection(SolutionProperties) = preSolution
		HideSolutionNode = FALSE
	EndGlobalSection
	GlobalSection(ExtensibilityGlobals) = postSolution
		SolutionGuid = {B496D5F8-3871-4C2B-8E4C-ED60993E7E51}
	EndGlobalSection
EndGlobal
